
Microsoft Visual Studio Solution File, Format Version 12.00
# Visual Studio Version 17
VisualStudioVersion = 17.0.31903.59
MinimumVisualStudioVersion = 10.0.40219.1
Project("{FAE04EC0-301F-11D3-BF4B-00C04F79EFBC}") = "API", "API\API.csproj", "{33CF4239-F814-4D1E-8586-15E11655B048}"
EndProject
Project("{FAE04EC0-301F-11D3-BF4B-00C04F79EFBC}") = "Application", "Application\Application.csproj", "{56054FD4-169A-4D56-9412-5529894BC0B1}"
EndProject
Project("{FAE04EC0-301F-11D3-BF4B-00C04F79EFBC}") = "Domain", "Domain\Domain.csproj", "{964FB9BC-E25E-4CF2-957C-EB1A326FE026}"
EndProject
Project("{FAE04EC0-301F-11D3-BF4B-00C04F79EFBC}") = "Persistence", "Persistence\Persistence.csproj", "{E17495E8-B51C-41C4-8EF8-33A1B8EC4786}"
EndProject
Global
	GlobalSection(SolutionConfigurationPlatforms) = preSolution
		Debug|Any CPU = Debug|Any CPU
		Release|Any CPU = Release|Any CPU
	EndGlobalSection
	GlobalSection(SolutionProperties) = preSolution
		HideSolutionNode = FALSE
	EndGlobalSection
	GlobalSection(ProjectConfigurationPlatforms) = postSolution
		{33CF4239-F814-4D1E-8586-15E11655B048}.Debug|Any CPU.ActiveCfg = Debug|Any CPU
		{33CF4239-F814-4D1E-8586-15E11655B048}.Debug|Any CPU.Build.0 = Debug|Any CPU
		{33CF4239-F814-4D1E-8586-15E11655B048}.Release|Any CPU.ActiveCfg = Release|Any CPU
		{33CF4239-F814-4D1E-8586-15E11655B048}.Release|Any CPU.Build.0 = Release|Any CPU
		{56054FD4-169A-4D56-9412-5529894BC0B1}.Debug|Any CPU.ActiveCfg = Debug|Any CPU
		{56054FD4-169A-4D56-9412-5529894BC0B1}.Debug|Any CPU.Build.0 = Debug|Any CPU
		{56054FD4-169A-4D56-9412-5529894BC0B1}.Release|Any CPU.ActiveCfg = Release|Any CPU
		{56054FD4-169A-4D56-9412-5529894BC0B1}.Release|Any CPU.Build.0 = Release|Any CPU
		{964FB9BC-E25E-4CF2-957C-EB1A326FE026}.Debug|Any CPU.ActiveCfg = Debug|Any CPU
		{964FB9BC-E25E-4CF2-957C-EB1A326FE026}.Debug|Any CPU.Build.0 = Debug|Any CPU
		{964FB9BC-E25E-4CF2-957C-EB1A326FE026}.Release|Any CPU.ActiveCfg = Release|Any CPU
		{964FB9BC-E25E-4CF2-957C-EB1A326FE026}.Release|Any CPU.Build.0 = Release|Any CPU
		{E17495E8-B51C-41C4-8EF8-33A1B8EC4786}.Debug|Any CPU.ActiveCfg = Debug|Any CPU
		{E17495E8-B51C-41C4-8EF8-33A1B8EC4786}.Debug|Any CPU.Build.0 = Debug|Any CPU
		{E17495E8-B51C-41C4-8EF8-33A1B8EC4786}.Release|Any CPU.ActiveCfg = Release|Any CPU
		{E17495E8-B51C-41C4-8EF8-33A1B8EC4786}.Release|Any CPU.Build.0 = Release|Any CPU
	EndGlobalSection
EndGlobal
